
Microsoft Visual Studio Solution File, Format Version 12.00
# Visual Studio Version 16
VisualStudioVersion = 16.0.29613.14
MinimumVisualStudioVersion = 10.0.40219.1
Project("{FAE04EC0-301F-11D3-BF4B-00C04F79EFBC}") = "Code-Community", "Code-Community\Code-Community.csproj", "{2DAABD18-53D4-4509-9C6B-80585F4932DB}"
EndProject
Global
	GlobalSection(SolutionConfigurationPlatforms) = preSolution
		Debug|Any CPU = Debug|Any CPU
		Release|Any CPU = Release|Any CPU
	EndGlobalSection
	GlobalSection(ProjectConfigurationPlatforms) = postSolution
		{2DAABD18-53D4-4509-9C6B-80585F4932DB}.Debug|Any CPU.ActiveCfg = Debug|Any CPU
		{2DAABD18-53D4-4509-9C6B-80585F4932DB}.Debug|Any CPU.Build.0 = Debug|Any CPU
		{2DAABD18-53D4-4509-9C6B-80585F4932DB}.Release|Any CPU.ActiveCfg = Release|Any CPU
		{2DAABD18-53D4-4509-9C6B-80585F4932DB}.Release|Any CPU.Build.0 = Release|Any CPU
	EndGlobalSection
	GlobalSection(SolutionProperties) = preSolution
		HideSolutionNode = FALSE
	EndGlobalSection
	GlobalSection(ExtensibilityGlobals) = postSolution
		SolutionGuid = {D4BA9FA6-C1C1-4DF7-80C2-5C12E52ADF92}
	EndGlobalSection
EndGlobal
